
Microsoft Visual Studio Solution File, Format Version 12.00
# Visual Studio Version 17
VisualStudioVersion = 17.8.34330.188
MinimumVisualStudioVersion = 10.0.40219.1
Project("{9A19103F-16F7-4668-BE54-9A1E7A4F7556}") = "WebTechLabs", "WebTechLabs\WebTechLabs.csproj", "{54FE7D73-A39B-4D75-8695-69620C580059}"
EndProject
Project("{9A19103F-16F7-4668-BE54-9A1E7A4F7556}") = "WebTechLabs.DAL", "WebTechLabs.DAL\WebTechLabs.DAL.csproj", "{9295512E-BE02-4F77-B887-1B3E39FE62FA}"
EndProject
Project("{9A19103F-16F7-4668-BE54-9A1E7A4F7556}") = "WebTechLabs.Tests", "WebTechLabs.Tests\WebTechLabs.Tests.csproj", "{20DAA8DA-C07B-4933-9D5D-ADCD6ED657C4}"
EndProject
Project("{FAE04EC0-301F-11D3-BF4B-00C04F79EFBC}") = "WebTechLabs.Blazor", "WebTechLabs.Blazor\WebTechLabs.Blazor.csproj", "{23ED51B6-9CEB-49EF-A358-687F601A7742}"
EndProject
Global
	GlobalSection(SolutionConfigurationPlatforms) = preSolution
		Debug|Any CPU = Debug|Any CPU
		Release|Any CPU = Release|Any CPU
	EndGlobalSection
	GlobalSection(ProjectConfigurationPlatforms) = postSolution
		{54FE7D73-A39B-4D75-8695-69620C580059}.Debug|Any CPU.ActiveCfg = Debug|Any CPU
		{54FE7D73-A39B-4D75-8695-69620C580059}.Debug|Any CPU.Build.0 = Debug|Any CPU
		{54FE7D73-A39B-4D75-8695-69620C580059}.Release|Any CPU.ActiveCfg = Release|Any CPU
		{54FE7D73-A39B-4D75-8695-69620C580059}.Release|Any CPU.Build.0 = Release|Any CPU
		{9295512E-BE02-4F77-B887-1B3E39FE62FA}.Debug|Any CPU.ActiveCfg = Debug|Any CPU
		{9295512E-BE02-4F77-B887-1B3E39FE62FA}.Debug|Any CPU.Build.0 = Debug|Any CPU
		{9295512E-BE02-4F77-B887-1B3E39FE62FA}.Release|Any CPU.ActiveCfg = Release|Any CPU
		{9295512E-BE02-4F77-B887-1B3E39FE62FA}.Release|Any CPU.Build.0 = Release|Any CPU
		{20DAA8DA-C07B-4933-9D5D-ADCD6ED657C4}.Debug|Any CPU.ActiveCfg = Debug|Any CPU
		{20DAA8DA-C07B-4933-9D5D-ADCD6ED657C4}.Debug|Any CPU.Build.0 = Debug|Any CPU
		{20DAA8DA-C07B-4933-9D5D-ADCD6ED657C4}.Release|Any CPU.ActiveCfg = Release|Any CPU
		{20DAA8DA-C07B-4933-9D5D-ADCD6ED657C4}.Release|Any CPU.Build.0 = Release|Any CPU
		{23ED51B6-9CEB-49EF-A358-687F601A7742}.Debug|Any CPU.ActiveCfg = Debug|Any CPU
		{23ED51B6-9CEB-49EF-A358-687F601A7742}.Debug|Any CPU.Build.0 = Debug|Any CPU
		{23ED51B6-9CEB-49EF-A358-687F601A7742}.Release|Any CPU.ActiveCfg = Release|Any CPU
		{23ED51B6-9CEB-49EF-A358-687F601A7742}.Release|Any CPU.Build.0 = Release|Any CPU
	EndGlobalSection
	GlobalSection(SolutionProperties) = preSolution
		HideSolutionNode = FALSE
	EndGlobalSection
	GlobalSection(ExtensibilityGlobals) = postSolution
		SolutionGuid = {4ECA1267-48CD-43BD-93FB-379B34E2E9A5}
	EndGlobalSection
EndGlobal
